// !$*UTF8*$!
{
	archiveVersion = 1;
	classes = {
	};
	objectVersion = 77;
	objects = {

/* Begin PBXContainerItemProxy section */
		38064C962D0C907200DF5EBD /* PBXContainerItemProxy */ = {
			isa = PBXContainerItemProxy;
			containerPortal = 38064C7A2D0C907000DF5EBD /* Project object */;
			proxyType = 1;
			remoteGlobalIDString = 38064C812D0C907000DF5EBD;
			remoteInfo = Focusly;
		};
		38064CA02D0C907200DF5EBD /* PBXContainerItemProxy */ = {
			isa = PBXContainerItemProxy;
			containerPortal = 38064C7A2D0C907000DF5EBD /* Project object */;
			proxyType = 1;
			remoteGlobalIDString = 38064C812D0C907000DF5EBD;
			remoteInfo = Focusly;
		};
/* End PBXContainerItemProxy section */

/* Begin PBXFileReference section */
		38064C822D0C907000DF5EBD /* Focusly.app */ = {isa = PBXFileReference; explicitFileType = wrapper.application; includeInIndex = 0; path = Focusly.app; sourceTree = BUILT_PRODUCTS_DIR; };
		38064C952D0C907200DF5EBD /* FocuslyTests.xctest */ = {isa = PBXFileReference; explicitFileType = wrapper.cfbundle; includeInIndex = 0; path = FocuslyTests.xctest; sourceTree = BUILT_PRODUCTS_DIR; };
		38064C9F2D0C907200DF5EBD /* FocuslyUITests.xctest */ = {isa = PBXFileReference; explicitFileType = wrapper.cfbundle; includeInIndex = 0; path = FocuslyUITests.xctest; sourceTree = BUILT_PRODUCTS_DIR; };
/* End PBXFileReference section */

/* Begin PBXFileSystemSynchronizedRootGroup section */
		38064C842D0C907000DF5EBD /* Focusly */ = {
			isa = PBXFileSystemSynchronizedRootGroup;
			path = Focusly;
			sourceTree = "<group>";
		};
		38064C982D0C907200DF5EBD /* FocuslyTests */ = {
			isa = PBXFileSystemSynchronizedRootGroup;
			path = FocuslyTests;
			sourceTree = "<group>";
		};
		38064CA22D0C907200DF5EBD /* FocuslyUITests */ = {
			isa = PBXFileSystemSynchronizedRootGroup;
			path = FocuslyUITests;
			sourceTree = "<group>";
		};
/* End PBXFileSystemSynchronizedRootGroup section */

/* Begin PBXFrameworksBuildPhase section */
		38064C7F2D0C907000DF5EBD /* Frameworks */ = {
			isa = PBXFrameworksBuildPhase;
			buildActionMask = 2147483647;
			files = (
			);
			runOnlyForDeploymentPostprocessing = 0;
		};
		38064C922D0C907200DF5EBD /* Frameworks */ = {
			isa = PBXFrameworksBuildPhase;
			buildActionMask = 2147483647;
			files = (
			);
			runOnlyForDeploymentPostprocessing = 0;
		};
		38064C9C2D0C907200DF5EBD /* Frameworks */ = {
			isa = PBXFrameworksBuildPhase;
			buildActionMask = 2147483647;
			files = (
			);
			runOnlyForDeploymentPostprocessing = 0;
		};
/* End PBXFrameworksBuildPhase section */

/* Begin PBXGroup section */
		38064C792D0C907000DF5EBD = {
			isa = PBXGroup;
			children = (
				38064C842D0C907000DF5EBD /* Focusly */,
				38064C982D0C907200DF5EBD /* FocuslyTests */,
				38064CA22D0C907200DF5EBD /* FocuslyUITests */,
				38064C832D0C907000DF5EBD /* Products */,
			);
			sourceTree = "<group>";
		};
		38064C832D0C907000DF5EBD /* Products */ = {
			isa = PBXGroup;
			children = (
				38064C822D0C907000DF5EBD /* Focusly.app */,
				38064C952D0C907200DF5EBD /* FocuslyTests.xctest */,
				38064C9F2D0C907200DF5EBD /* FocuslyUITests.xctest */,
			);
			name = Products;
			sourceTree = "<group>";
		};
/* End PBXGroup section */

/* Begin PBXNativeTarget section */
		38064C812D0C907000DF5EBD /* Focusly */ = {
			isa = PBXNativeTarget;
			buildConfigurationList = 38064CA92D0C907200DF5EBD /* Build configuration list for PBXNativeTarget "Focusly" */;
			buildPhases = (
				38064C7E2D0C907000DF5EBD /* Sources */,
				38064C7F2D0C907000DF5EBD /* Frameworks */,
				38064C802D0C907000DF5EBD /* Resources */,
			);
			buildRules = (
			);
			dependencies = (
			);
			fileSystemSynchronizedGroups = (
				38064C842D0C907000DF5EBD /* Focusly */,
			);
			name = Focusly;
			packageProductDependencies = (
			);
			productName = Focusly;
			productReference = 38064C822D0C907000DF5EBD /* Focusly.app */;
			productType = "com.apple.product-type.application";
		};
		38064C942D0C907200DF5EBD /* FocuslyTests */ = {
			isa = PBXNativeTarget;
			buildConfigurationList = 38064CAC2D0C907200DF5EBD /* Build configuration list for PBXNativeTarget "FocuslyTests" */;
			buildPhases = (
				38064C912D0C907200DF5EBD /* Sources */,
				38064C922D0C907200DF5EBD /* Frameworks */,
				38064C932D0C907200DF5EBD /* Resources */,
			);
			buildRules = (
			);
			dependencies = (
				38064C972D0C907200DF5EBD /* PBXTargetDependency */,
			);
			fileSystemSynchronizedGroups = (
				38064C982D0C907200DF5EBD /* FocuslyTests */,
			);
			name = FocuslyTests;
			packageProductDependencies = (
			);
			productName = FocuslyTests;
			productReference = 38064C952D0C907200DF5EBD /* FocuslyTests.xctest */;
			productType = "com.apple.product-type.bundle.unit-test";
		};
		38064C9E2D0C907200DF5EBD /* FocuslyUITests */ = {
			isa = PBXNativeTarget;
			buildConfigurationList = 38064CAF2D0C907200DF5EBD /* Build configuration list for PBXNativeTarget "FocuslyUITests" */;
			buildPhases = (
				38064C9B2D0C907200DF5EBD /* Sources */,
				38064C9C2D0C907200DF5EBD /* Frameworks */,
				38064C9D2D0C907200DF5EBD /* Resources */,
			);
			buildRules = (
			);
			dependencies = (
				38064CA12D0C907200DF5EBD /* PBXTargetDependency */,
			);
			fileSystemSynchronizedGroups = (
				38064CA22D0C907200DF5EBD /* FocuslyUITests */,
			);
			name = FocuslyUITests;
			packageProductDependencies = (
			);
			productName = FocuslyUITests;
			productReference = 38064C9F2D0C907200DF5EBD /* FocuslyUITests.xctest */;
			productType = "com.apple.product-type.bundle.ui-testing";
		};
/* End PBXNativeTarget section */

/* Begin PBXProject section */
		38064C7A2D0C907000DF5EBD /* Project object */ = {
			isa = PBXProject;
			attributes = {
				BuildIndependentTargetsInParallel = 1;
				LastSwiftUpdateCheck = 1600;
				LastUpgradeCheck = 1600;
				TargetAttributes = {
					38064C812D0C907000DF5EBD = {
						CreatedOnToolsVersion = 16.0;
					};
					38064C942D0C907200DF5EBD = {
						CreatedOnToolsVersion = 16.0;
						TestTargetID = 38064C812D0C907000DF5EBD;
					};
					38064C9E2D0C907200DF5EBD = {
						CreatedOnToolsVersion = 16.0;
						TestTargetID = 38064C812D0C907000DF5EBD;
					};
				};
			};
			buildConfigurationList = 38064C7D2D0C907000DF5EBD /* Build configuration list for PBXProject "Focusly" */;
			developmentRegion = en;
			hasScannedForEncodings = 0;
			knownRegions = (
				en,
				Base,
			);
			mainGroup = 38064C792D0C907000DF5EBD;
			minimizedProjectReferenceProxies = 1;
			preferredProjectObjectVersion = 77;
			productRefGroup = 38064C832D0C907000DF5EBD /* Products */;
			projectDirPath = "";
			projectRoot = "";
			targets = (
				38064C812D0C907000DF5EBD /* Focusly */,
				38064C942D0C907200DF5EBD /* FocuslyTests */,
				38064C9E2D0C907200DF5EBD /* FocuslyUITests */,
			);
		};
/* End PBXProject section */

/* Begin PBXResourcesBuildPhase section */
		38064C802D0C907000DF5EBD /* Resources */ = {
			isa = PBXResourcesBuildPhase;
			buildActionMask = 2147483647;
			files = (
			);
			runOnlyForDeploymentPostprocessing = 0;
		};
		38064C932D0C907200DF5EBD /* Resources */ = {
			isa = PBXResourcesBuildPhase;
			buildActionMask = 2147483647;
			files = (
			);
			runOnlyForDeploymentPostprocessing = 0;
		};
		38064C9D2D0C907200DF5EBD /* Resources */ = {
			isa = PBXResourcesBuildPhase;
			buildActionMask = 2147483647;
			files = (
			);
			runOnlyForDeploymentPostprocessing = 0;
		};
/* End PBXResourcesBuildPhase section */

/* Begin PBXSourcesBuildPhase section */
		38064C7E2D0C907000DF5EBD /* Sources */ = {
			isa = PBXSourcesBuildPhase;
			buildActionMask = 2147483647;
			files = (
			);
			runOnlyForDeploymentPostprocessing = 0;
		};
		38064C912D0C907200DF5EBD /* Sources */ = {
			isa = PBXSourcesBuildPhase;
			buildActionMask = 2147483647;
			files = (
			);
			runOnlyForDeploymentPostprocessing = 0;
		};
		38064C9B2D0C907200DF5EBD /* Sources */ = {
			isa = PBXSourcesBuildPhase;
			buildActionMask = 2147483647;
			files = (
			);
			runOnlyForDeploymentPostprocessing = 0;
		};
/* End PBXSourcesBuildPhase section */

/* Begin PBXTargetDependency section */
		38064C972D0C907200DF5EBD /* PBXTargetDependency */ = {
			isa = PBXTargetDependency;
			target = 38064C812D0C907000DF5EBD /* Focusly */;
			targetProxy = 38064C962D0C907200DF5EBD /* PBXContainerItemProxy */;
		};
		38064CA12D0C907200DF5EBD /* PBXTargetDependency */ = {
			isa = PBXTargetDependency;
			target = 38064C812D0C907000DF5EBD /* Focusly */;
			targetProxy = 38064CA02D0C907200DF5EBD /* PBXContainerItemProxy */;
		};
/* End PBXTargetDependency section */

/* Begin XCBuildConfiguration section */
		38064CA72D0C907200DF5EBD /* Debug */ = {
			isa = XCBuildConfiguration;
			buildSettings = {
				ALWAYS_SEARCH_USER_PATHS = NO;
				ASSETCATALOG_COMPILER_GENERATE_SWIFT_ASSET_SYMBOL_EXTENSIONS = YES;
				CLANG_ANALYZER_NONNULL = YES;
				CLANG_ANALYZER_NUMBER_OBJECT_CONVERSION = YES_AGGRESSIVE;
				CLANG_CXX_LANGUAGE_STANDARD = "gnu++20";
				CLANG_ENABLE_MODULES = YES;
				CLANG_ENABLE_OBJC_ARC = YES;
				CLANG_ENABLE_OBJC_WEAK = YES;
				CLANG_WARN_BLOCK_CAPTURE_AUTORELEASING = YES;
				CLANG_WARN_BOOL_CONVERSION = YES;
				CLANG_WARN_COMMA = YES;
				CLANG_WARN_CONSTANT_CONVERSION = YES;
				CLANG_WARN_DEPRECATED_OBJC_IMPLEMENTATIONS = YES;
				CLANG_WARN_DIRECT_OBJC_ISA_USAGE = YES_ERROR;
				CLANG_WARN_DOCUMENTATION_COMMENTS = YES;
				CLANG_WARN_EMPTY_BODY = YES;
				CLANG_WARN_ENUM_CONVERSION = YES;
				CLANG_WARN_INFINITE_RECURSION = YES;
				CLANG_WARN_INT_CONVERSION = YES;
				CLANG_WARN_NON_LITERAL_NULL_CONVERSION = YES;
				CLANG_WARN_OBJC_IMPLICIT_RETAIN_SELF = YES;
				CLANG_WARN_OBJC_LITERAL_CONVERSION = YES;
				CLANG_WARN_OBJC_ROOT_CLASS = YES_ERROR;
				CLANG_WARN_QUOTED_INCLUDE_IN_FRAMEWORK_HEADER = YES;
				CLANG_WARN_RANGE_LOOP_ANALYSIS = YES;
				CLANG_WARN_STRICT_PROTOTYPES = YES;
				CLANG_WARN_SUSPICIOUS_MOVE = YES;
				CLANG_WARN_UNGUARDED_AVAILABILITY = YES_AGGRESSIVE;
				CLANG_WARN_UNREACHABLE_CODE = YES;
				CLANG_WARN__DUPLICATE_METHOD_MATCH = YES;
				COPY_PHASE_STRIP = NO;
				DEBUG_INFORMATION_FORMAT = dwarf;
				ENABLE_STRICT_OBJC_MSGSEND = YES;
				ENABLE_TESTABILITY = YES;
				ENABLE_USER_SCRIPT_SANDBOXING = YES;
				GCC_C_LANGUAGE_STANDARD = gnu17;
				GCC_DYNAMIC_NO_PIC = NO;
				GCC_NO_COMMON_BLOCKS = YES;
				GCC_OPTIMIZATION_LEVEL = 0;
				GCC_PREPROCESSOR_DEFINITIONS = (
					"DEBUG=1",
					"$(inherited)",
				);
				GCC_WARN_64_TO_32_BIT_CONVERSION = YES;
				GCC_WARN_ABOUT_RETURN_TYPE = YES_ERROR;
				GCC_WARN_UNDECLARED_SELECTOR = YES;
				GCC_WARN_UNINITIALIZED_AUTOS = YES_AGGRESSIVE;
				GCC_WARN_UNUSED_FUNCTION = YES;
				GCC_WARN_UNUSED_VARIABLE = YES;
				LOCALIZATION_PREFERS_STRING_CATALOGS = YES;
				MACOSX_DEPLOYMENT_TARGET = 14.5;
				MTL_ENABLE_DEBUG_INFO = INCLUDE_SOURCE;
				MTL_FAST_MATH = YES;
				ONLY_ACTIVE_ARCH = YES;
				SDKROOT = macosx;
				SWIFT_ACTIVE_COMPILATION_CONDITIONS = "DEBUG $(inherited)";
				SWIFT_OPTIMIZATION_LEVEL = "-Onone";
			};
			name = Debug;
		};
		38064CA82D0C907200DF5EBD /* Release */ = {
			isa = XCBuildConfiguration;
			buildSettings = {
				ALWAYS_SEARCH_USER_PATHS = NO;
				ASSETCATALOG_COMPILER_GENERATE_SWIFT_ASSET_SYMBOL_EXTENSIONS = YES;
				CLANG_ANALYZER_NONNULL = YES;
				CLANG_ANALYZER_NUMBER_OBJECT_CONVERSION = YES_AGGRESSIVE;
				CLANG_CXX_LANGUAGE_STANDARD = "gnu++20";
				CLANG_ENABLE_MODULES = YES;
				CLANG_ENABLE_OBJC_ARC = YES;
				CLANG_ENABLE_OBJC_WEAK = YES;
				CLANG_WARN_BLOCK_CAPTURE_AUTORELEASING = YES;
				CLANG_WARN_BOOL_CONVERSION = YES;
				CLANG_WARN_COMMA = YES;
				CLANG_WARN_CONSTANT_CONVERSION = YES;
				CLANG_WARN_DEPRECATED_OBJC_IMPLEMENTATIONS = YES;
				CLANG_WARN_DIRECT_OBJC_ISA_USAGE = YES_ERROR;
				CLANG_WARN_DOCUMENTATION_COMMENTS = YES;
				CLANG_WARN_EMPTY_BODY = YES;
				CLANG_WARN_ENUM_CONVERSION = YES;
				CLANG_WARN_INFINITE_RECURSION = YES;
				CLANG_WARN_INT_CONVERSION = YES;
				CLANG_WARN_NON_LITERAL_NULL_CONVERSION = YES;
				CLANG_WARN_OBJC_IMPLICIT_RETAIN_SELF = YES;
				CLANG_WARN_OBJC_LITERAL_CONVERSION = YES;
				CLANG_WARN_OBJC_ROOT_CLASS = YES_ERROR;
				CLANG_WARN_QUOTED_INCLUDE_IN_FRAMEWORK_HEADER = YES;
				CLANG_WARN_RANGE_LOOP_ANALYSIS = YES;
				CLANG_WARN_STRICT_PROTOTYPES = YES;
				CLANG_WARN_SUSPICIOUS_MOVE = YES;
				CLANG_WARN_UNGUARDED_AVAILABILITY = YES_AGGRESSIVE;
				CLANG_WARN_UNREACHABLE_CODE = YES;
				CLANG_WARN__DUPLICATE_METHOD_MATCH = YES;
				COPY_PHASE_STRIP = NO;
				DEBUG_INFORMATION_FORMAT = "dwarf-with-dsym";
				ENABLE_NS_ASSERTIONS = NO;
				ENABLE_STRICT_OBJC_MSGSEND = YES;
				ENABLE_USER_SCRIPT_SANDBOXING = YES;
				GCC_C_LANGUAGE_STANDARD = gnu17;
				GCC_NO_COMMON_BLOCKS = YES;
				GCC_WARN_64_TO_32_BIT_CONVERSION = YES;
				GCC_WARN_ABOUT_RETURN_TYPE = YES_ERROR;
				GCC_WARN_UNDECLARED_SELECTOR = YES;
				GCC_WARN_UNINITIALIZED_AUTOS = YES_AGGRESSIVE;
				GCC_WARN_UNUSED_FUNCTION = YES;
				GCC_WARN_UNUSED_VARIABLE = YES;
				LOCALIZATION_PREFERS_STRING_CATALOGS = YES;
				MACOSX_DEPLOYMENT_TARGET = 14.5;
				MTL_ENABLE_DEBUG_INFO = NO;
				MTL_FAST_MATH = YES;
				SDKROOT = macosx;
				SWIFT_COMPILATION_MODE = wholemodule;
			};
			name = Release;
		};
		38064CAA2D0C907200DF5EBD /* Debug */ = {
			isa = XCBuildConfiguration;
			buildSettings = {
				ASSETCATALOG_COMPILER_APPICON_NAME = AppIcon;
				ASSETCATALOG_COMPILER_GLOBAL_ACCENT_COLOR_NAME = AccentColor;
				CODE_SIGN_ENTITLEMENTS = Focusly/Focusly.entitlements;
				CODE_SIGN_STYLE = Automatic;
				COMBINE_HIDPI_IMAGES = YES;
				CURRENT_PROJECT_VERSION = 1;
				DEVELOPMENT_ASSET_PATHS = "\"Focusly/Preview Content\"";
				DEVELOPMENT_TEAM = W93RMB5CDG;
				ENABLE_HARDENED_RUNTIME = YES;
				ENABLE_PREVIEWS = YES;
				GENERATE_INFOPLIST_FILE = YES;
				INFOPLIST_KEY_NSHumanReadableCopyright = "";
				LD_RUNPATH_SEARCH_PATHS = (
					"$(inherited)",
					"@executable_path/../Frameworks",
				);
				MACOSX_DEPLOYMENT_TARGET = 14.0;
				MARKETING_VERSION = 1.0;
				PRODUCT_BUNDLE_IDENTIFIER = com.nhsystems.Focusly;
				PRODUCT_NAME = "$(TARGET_NAME)";
				SWIFT_EMIT_LOC_STRINGS = YES;
				SWIFT_VERSION = 5.0;
			};
			name = Debug;
		};
		38064CAB2D0C907200DF5EBD /* Release */ = {
			isa = XCBuildConfiguration;
			buildSettings = {
				ASSETCATALOG_COMPILER_APPICON_NAME = AppIcon;
				ASSETCATALOG_COMPILER_GLOBAL_ACCENT_COLOR_NAME = AccentColor;
				CODE_SIGN_ENTITLEMENTS = Focusly/Focusly.entitlements;
				CODE_SIGN_STYLE = Automatic;
				COMBINE_HIDPI_IMAGES = YES;
				CURRENT_PROJECT_VERSION = 1;
				DEVELOPMENT_ASSET_PATHS = "\"Focusly/Preview Content\"";
				DEVELOPMENT_TEAM = W93RMB5CDG;
				ENABLE_HARDENED_RUNTIME = YES;
				ENABLE_PREVIEWS = YES;
				GENERATE_INFOPLIST_FILE = YES;
				INFOPLIST_KEY_NSHumanReadableCopyright = "";
				LD_RUNPATH_SEARCH_PATHS = (
					"$(inherited)",
					"@executable_path/../Frameworks",
				);
				MACOSX_DEPLOYMENT_TARGET = 14.0;
				MARKETING_VERSION = 1.0;
				PRODUCT_BUNDLE_IDENTIFIER = com.nhsystems.Focusly;
				PRODUCT_NAME = "$(TARGET_NAME)";
				SWIFT_EMIT_LOC_STRINGS = YES;
				SWIFT_VERSION = 5.0;
			};
			name = Release;
		};
		38064CAD2D0C907200DF5EBD /* Debug */ = {
			isa = XCBuildConfiguration;
			buildSettings = {
				BUNDLE_LOADER = "$(TEST_HOST)";
				CODE_SIGN_STYLE = Automatic;
				CURRENT_PROJECT_VERSION = 1;
				DEVELOPMENT_TEAM = W93RMB5CDG;
				GENERATE_INFOPLIST_FILE = YES;
				MACOSX_DEPLOYMENT_TARGET = 14.0;
				MARKETING_VERSION = 1.0;
				PRODUCT_BUNDLE_IDENTIFIER = com.nhsystems.FocuslyTests;
				PRODUCT_NAME = "$(TARGET_NAME)";
				SWIFT_EMIT_LOC_STRINGS = NO;
				SWIFT_VERSION = 5.0;
				TEST_HOST = "$(BUILT_PRODUCTS_DIR)/Focusly.app/$(BUNDLE_EXECUTABLE_FOLDER_PATH)/Focusly";
			};
			name = Debug;
		};
		38064CAE2D0C907200DF5EBD /* Release */ = {
			isa = XCBuildConfiguration;
			buildSettings = {
				BUNDLE_LOADER = "$(TEST_HOST)";
				CODE_SIGN_STYLE = Automatic;
				CURRENT_PROJECT_VERSION = 1;
				DEVELOPMENT_TEAM = W93RMB5CDG;
				GENERATE_INFOPLIST_FILE = YES;
				MACOSX_DEPLOYMENT_TARGET = 14.0;
				MARKETING_VERSION = 1.0;
				PRODUCT_BUNDLE_IDENTIFIER = com.nhsystems.FocuslyTests;
				PRODUCT_NAME = "$(TARGET_NAME)";
				SWIFT_EMIT_LOC_STRINGS = NO;
				SWIFT_VERSION = 5.0;
				TEST_HOST = "$(BUILT_PRODUCTS_DIR)/Focusly.app/$(BUNDLE_EXECUTABLE_FOLDER_PATH)/Focusly";
			};
			name = Release;
		};
		38064CB02D0C907200DF5EBD /* Debug */ = {
			isa = XCBuildConfiguration;
			buildSettings = {
				CODE_SIGN_STYLE = Automatic;
				CURRENT_PROJECT_VERSION = 1;
				DEVELOPMENT_TEAM = W93RMB5CDG;
				GENERATE_INFOPLIST_FILE = YES;
				MARKETING_VERSION = 1.0;
				PRODUCT_BUNDLE_IDENTIFIER = com.nhsystems.FocuslyUITests;
				PRODUCT_NAME = "$(TARGET_NAME)";
				SWIFT_EMIT_LOC_STRINGS = NO;
				SWIFT_VERSION = 5.0;
				TEST_TARGET_NAME = Focusly;
			};
			name = Debug;
		};
		38064CB12D0C907200DF5EBD /* Release */ = {
			isa = XCBuildConfiguration;
			buildSettings = {
				CODE_SIGN_STYLE = Automatic;
				CURRENT_PROJECT_VERSION = 1;
				DEVELOPMENT_TEAM = W93RMB5CDG;
				GENERATE_INFOPLIST_FILE = YES;
				MARKETING_VERSION = 1.0;
				PRODUCT_BUNDLE_IDENTIFIER = com.nhsystems.FocuslyUITests;
				PRODUCT_NAME = "$(TARGET_NAME)";
				SWIFT_EMIT_LOC_STRINGS = NO;
				SWIFT_VERSION = 5.0;
				TEST_TARGET_NAME = Focusly;
			};
			name = Release;
		};
/* End XCBuildConfiguration section */

/* Begin XCConfigurationList section */
		38064C7D2D0C907000DF5EBD /* Build configuration list for PBXProject "Focusly" */ = {
			isa = XCConfigurationList;
			buildConfigurations = (
				38064CA72D0C907200DF5EBD /* Debug */,
				38064CA82D0C907200DF5EBD /* Release */,
			);
			defaultConfigurationIsVisible = 0;
			defaultConfigurationName = Release;
		};
		38064CA92D0C907200DF5EBD /* Build configuration list for PBXNativeTarget "Focusly" */ = {
			isa = XCConfigurationList;
			buildConfigurations = (
				38064CAA2D0C907200DF5EBD /* Debug */,
				38064CAB2D0C907200DF5EBD /* Release */,
			);
			defaultConfigurationIsVisible = 0;
			defaultConfigurationName = Release;
		};
		38064CAC2D0C907200DF5EBD /* Build configuration list for PBXNativeTarget "FocuslyTests" */ = {
			isa = XCConfigurationList;
			buildConfigurations = (
				38064CAD2D0C907200DF5EBD /* Debug */,
				38064CAE2D0C907200DF5EBD /* Release */,
			);
			defaultConfigurationIsVisible = 0;
			defaultConfigurationName = Release;
		};
		38064CAF2D0C907200DF5EBD /* Build configuration list for PBXNativeTarget "FocuslyUITests" */ = {
			isa = XCConfigurationList;
			buildConfigurations = (
				38064CB02D0C907200DF5EBD /* Debug */,
				38064CB12D0C907200DF5EBD /* Release */,
			);
			defaultConfigurationIsVisible = 0;
			defaultConfigurationName = Release;
		};
/* End XCConfigurationList section */
	};
	rootObject = 38064C7A2D0C907000DF5EBD /* Project object */;
}
